
Microsoft Visual Studio Solution File, Format Version 12.00
# Visual Studio Version 16
VisualStudioVersion = 16.0.28922.388
MinimumVisualStudioVersion = 10.0.40219.1
Project("{FAE04EC0-301F-11D3-BF4B-00C04F79EFBC}") = "UIdb", "UIdb\UIdb.csproj", "{29662B47-10C0-463D-AF01-6173F860C2E6}"
EndProject
Global
	GlobalSection(SolutionConfigurationPlatforms) = preSolution
		Debug|Any CPU = Debug|Any CPU
		Release|Any CPU = Release|Any CPU
	EndGlobalSection
	GlobalSection(ProjectConfigurationPlatforms) = postSolution
		{29662B47-10C0-463D-AF01-6173F860C2E6}.Debug|Any CPU.ActiveCfg = Debug|Any CPU
		{29662B47-10C0-463D-AF01-6173F860C2E6}.Debug|Any CPU.Build.0 = Debug|Any CPU
		{29662B47-10C0-463D-AF01-6173F860C2E6}.Release|Any CPU.ActiveCfg = Release|Any CPU
		{29662B47-10C0-463D-AF01-6173F860C2E6}.Release|Any CPU.Build.0 = Release|Any CPU
	EndGlobalSection
	GlobalSection(SolutionProperties) = preSolution
		HideSolutionNode = FALSE
	EndGlobalSection
	GlobalSection(ExtensibilityGlobals) = postSolution
		SolutionGuid = {5B51A567-E302-4258-8107-6F51D342921D}
	EndGlobalSection
EndGlobal
