
Microsoft Visual Studio Solution File, Format Version 12.00
# Visual Studio 15
VisualStudioVersion = 15.0.28307.329
MinimumVisualStudioVersion = 10.0.40219.1
Project("{FAE04EC0-301F-11D3-BF4B-00C04F79EFBC}") = "WpfApp1", "WpfApp1\WpfApp1.csproj", "{BCFE6DFF-60CD-4917-A7C3-8027F507FDA5}"
EndProject
Global
	GlobalSection(SolutionConfigurationPlatforms) = preSolution
		Debug|Any CPU = Debug|Any CPU
		Release|Any CPU = Release|Any CPU
	EndGlobalSection
	GlobalSection(ProjectConfigurationPlatforms) = postSolution
		{BCFE6DFF-60CD-4917-A7C3-8027F507FDA5}.Debug|Any CPU.ActiveCfg = Debug|Any CPU
		{BCFE6DFF-60CD-4917-A7C3-8027F507FDA5}.Debug|Any CPU.Build.0 = Debug|Any CPU
		{BCFE6DFF-60CD-4917-A7C3-8027F507FDA5}.Release|Any CPU.ActiveCfg = Release|Any CPU
		{BCFE6DFF-60CD-4917-A7C3-8027F507FDA5}.Release|Any CPU.Build.0 = Release|Any CPU
	EndGlobalSection
	GlobalSection(SolutionProperties) = preSolution
		HideSolutionNode = FALSE
	EndGlobalSection
	GlobalSection(ExtensibilityGlobals) = postSolution
		SolutionGuid = {0CDEA451-8AB5-41AB-8C85-CAD9407B94E8}
	EndGlobalSection
EndGlobal
