
Microsoft Visual Studio Solution File, Format Version 12.00
# Visual Studio Version 16
VisualStudioVersion = 16.0.29503.13
MinimumVisualStudioVersion = 10.0.40219.1
Project("{FAE04EC0-301F-11D3-BF4B-00C04F79EFBC}") = "WinFormsMySql", "WinFormsMySql\WinFormsMySql.csproj", "{044DC5AB-09A6-4D2E-9485-3BDC59C5D88E}"
EndProject
Global
	GlobalSection(SolutionConfigurationPlatforms) = preSolution
		Debug|Any CPU = Debug|Any CPU
		Release|Any CPU = Release|Any CPU
	EndGlobalSection
	GlobalSection(ProjectConfigurationPlatforms) = postSolution
		{044DC5AB-09A6-4D2E-9485-3BDC59C5D88E}.Debug|Any CPU.ActiveCfg = Debug|Any CPU
		{044DC5AB-09A6-4D2E-9485-3BDC59C5D88E}.Debug|Any CPU.Build.0 = Debug|Any CPU
		{044DC5AB-09A6-4D2E-9485-3BDC59C5D88E}.Release|Any CPU.ActiveCfg = Release|Any CPU
		{044DC5AB-09A6-4D2E-9485-3BDC59C5D88E}.Release|Any CPU.Build.0 = Release|Any CPU
	EndGlobalSection
	GlobalSection(SolutionProperties) = preSolution
		HideSolutionNode = FALSE
	EndGlobalSection
	GlobalSection(ExtensibilityGlobals) = postSolution
		SolutionGuid = {44F6333A-8726-4438-B9F6-DE9EE8167794}
	EndGlobalSection
EndGlobal
