
Microsoft Visual Studio Solution File, Format Version 12.00
# Visual Studio 15
VisualStudioVersion = 15.0.28307.421
MinimumVisualStudioVersion = 10.0.40219.1
Project("{FAE04EC0-301F-11D3-BF4B-00C04F79EFBC}") = "WindowsFormsApp1", "WindowsFormsApp1\WindowsFormsApp1.csproj", "{FC2216F7-95D2-489F-BDC0-12894578C731}"
EndProject
Global
	GlobalSection(SolutionConfigurationPlatforms) = preSolution
		Debug|Any CPU = Debug|Any CPU
		Release|Any CPU = Release|Any CPU
	EndGlobalSection
	GlobalSection(ProjectConfigurationPlatforms) = postSolution
		{FC2216F7-95D2-489F-BDC0-12894578C731}.Debug|Any CPU.ActiveCfg = Debug|Any CPU
		{FC2216F7-95D2-489F-BDC0-12894578C731}.Debug|Any CPU.Build.0 = Debug|Any CPU
		{FC2216F7-95D2-489F-BDC0-12894578C731}.Release|Any CPU.ActiveCfg = Release|Any CPU
		{FC2216F7-95D2-489F-BDC0-12894578C731}.Release|Any CPU.Build.0 = Release|Any CPU
	EndGlobalSection
	GlobalSection(SolutionProperties) = preSolution
		HideSolutionNode = FALSE
	EndGlobalSection
	GlobalSection(ExtensibilityGlobals) = postSolution
		SolutionGuid = {A254B5B2-E171-49D4-A0FC-7E0F01422382}
	EndGlobalSection
EndGlobal
