
Microsoft Visual Studio Solution File, Format Version 12.00
# Visual Studio 15
VisualStudioVersion = 15.0.28307.572
MinimumVisualStudioVersion = 10.0.40219.1
Project("{FAE04EC0-301F-11D3-BF4B-00C04F79EFBC}") = "WinFormsApp1", "WinFormsApp1\WinFormsApp1.csproj", "{F3003997-7CC5-45A6-A6AB-A867C50B50BE}"
EndProject
Global
	GlobalSection(SolutionConfigurationPlatforms) = preSolution
		Debug|Any CPU = Debug|Any CPU
		Release|Any CPU = Release|Any CPU
	EndGlobalSection
	GlobalSection(ProjectConfigurationPlatforms) = postSolution
		{F3003997-7CC5-45A6-A6AB-A867C50B50BE}.Debug|Any CPU.ActiveCfg = Debug|Any CPU
		{F3003997-7CC5-45A6-A6AB-A867C50B50BE}.Debug|Any CPU.Build.0 = Debug|Any CPU
		{F3003997-7CC5-45A6-A6AB-A867C50B50BE}.Release|Any CPU.ActiveCfg = Release|Any CPU
		{F3003997-7CC5-45A6-A6AB-A867C50B50BE}.Release|Any CPU.Build.0 = Release|Any CPU
	EndGlobalSection
	GlobalSection(SolutionProperties) = preSolution
		HideSolutionNode = FALSE
	EndGlobalSection
	GlobalSection(ExtensibilityGlobals) = postSolution
		SolutionGuid = {F6D85E1D-B896-4CFC-9239-5EFC747B799A}
	EndGlobalSection
EndGlobal
