
Microsoft Visual Studio Solution File, Format Version 12.00
# Visual Studio Version 16
VisualStudioVersion = 16.0.29424.173
MinimumVisualStudioVersion = 10.0.40219.1
Project("{FAE04EC0-301F-11D3-BF4B-00C04F79EFBC}") = "WinFormsUi", "WinFormsUi\WinFormsUi.csproj", "{F2E3E372-1DAE-4C8B-8BE0-CF606025511D}"
EndProject
Project("{FAE04EC0-301F-11D3-BF4B-00C04F79EFBC}") = "WinFormsUiTests", "WinFormsUiTests\WinFormsUiTests.csproj", "{319E0F20-0327-4AEE-9920-BF2432AFC5F8}"
EndProject
Global
	GlobalSection(SolutionConfigurationPlatforms) = preSolution
		Debug|Any CPU = Debug|Any CPU
		Release|Any CPU = Release|Any CPU
	EndGlobalSection
	GlobalSection(ProjectConfigurationPlatforms) = postSolution
		{F2E3E372-1DAE-4C8B-8BE0-CF606025511D}.Debug|Any CPU.ActiveCfg = Debug|Any CPU
		{F2E3E372-1DAE-4C8B-8BE0-CF606025511D}.Debug|Any CPU.Build.0 = Debug|Any CPU
		{F2E3E372-1DAE-4C8B-8BE0-CF606025511D}.Release|Any CPU.ActiveCfg = Release|Any CPU
		{F2E3E372-1DAE-4C8B-8BE0-CF606025511D}.Release|Any CPU.Build.0 = Release|Any CPU
		{319E0F20-0327-4AEE-9920-BF2432AFC5F8}.Debug|Any CPU.ActiveCfg = Debug|Any CPU
		{319E0F20-0327-4AEE-9920-BF2432AFC5F8}.Debug|Any CPU.Build.0 = Debug|Any CPU
		{319E0F20-0327-4AEE-9920-BF2432AFC5F8}.Release|Any CPU.ActiveCfg = Release|Any CPU
		{319E0F20-0327-4AEE-9920-BF2432AFC5F8}.Release|Any CPU.Build.0 = Release|Any CPU
	EndGlobalSection
	GlobalSection(SolutionProperties) = preSolution
		HideSolutionNode = FALSE
	EndGlobalSection
	GlobalSection(ExtensibilityGlobals) = postSolution
		SolutionGuid = {C1B556E0-F24F-47F8-9271-B568ACEB782A}
	EndGlobalSection
EndGlobal
