
Microsoft Visual Studio Solution File, Format Version 12.00
# Visual Studio Version 16
VisualStudioVersion = 16.0.29324.140
MinimumVisualStudioVersion = 10.0.40219.1
Project("{FAE04EC0-301F-11D3-BF4B-00C04F79EFBC}") = "WinFormsProducts", "WinFormsProducts\WinFormsProducts.csproj", "{23C9C308-747D-438B-B378-163CA4FFEEAF}"
EndProject
Global
	GlobalSection(SolutionConfigurationPlatforms) = preSolution
		Debug|Any CPU = Debug|Any CPU
		Release|Any CPU = Release|Any CPU
	EndGlobalSection
	GlobalSection(ProjectConfigurationPlatforms) = postSolution
		{23C9C308-747D-438B-B378-163CA4FFEEAF}.Debug|Any CPU.ActiveCfg = Debug|Any CPU
		{23C9C308-747D-438B-B378-163CA4FFEEAF}.Debug|Any CPU.Build.0 = Debug|Any CPU
		{23C9C308-747D-438B-B378-163CA4FFEEAF}.Release|Any CPU.ActiveCfg = Release|Any CPU
		{23C9C308-747D-438B-B378-163CA4FFEEAF}.Release|Any CPU.Build.0 = Release|Any CPU
	EndGlobalSection
	GlobalSection(SolutionProperties) = preSolution
		HideSolutionNode = FALSE
	EndGlobalSection
	GlobalSection(ExtensibilityGlobals) = postSolution
		SolutionGuid = {FD1DA558-D7E1-423F-970A-A02135EC3339}
	EndGlobalSection
EndGlobal
